
Microsoft Visual Studio Solution File, Format Version 12.00
# Visual Studio Version 17
VisualStudioVersion = 17.4.33122.133
MinimumVisualStudioVersion = 10.0.40219.1
Project("{9A19103F-16F7-4668-BE54-9A1E7A4F7556}") = "eCommerce.API", "eCommerce.API\eCommerce.API.csproj", "{E8095942-B3CF-4671-A51A-BBDECD299550}"
EndProject
Project("{9A19103F-16F7-4668-BE54-9A1E7A4F7556}") = "eCommerce.Models", "eCommerce.Models\eCommerce.Models.csproj", "{5F51A00D-841B-41E0-A52F-EEEAB21DF0A0}"
EndProject
Project("{FAE04EC0-301F-11D3-BF4B-00C04F79EFBC}") = "eCommerce.Console", "eCommerce.Console\eCommerce.Console.csproj", "{F3A98C05-1C6D-4096-90A8-434C724FAB10}"
EndProject
Global
	GlobalSection(SolutionConfigurationPlatforms) = preSolution
		Debug|Any CPU = Debug|Any CPU
		Release|Any CPU = Release|Any CPU
	EndGlobalSection
	GlobalSection(ProjectConfigurationPlatforms) = postSolution
		{E8095942-B3CF-4671-A51A-BBDECD299550}.Debug|Any CPU.ActiveCfg = Debug|Any CPU
		{E8095942-B3CF-4671-A51A-BBDECD299550}.Debug|Any CPU.Build.0 = Debug|Any CPU
		{E8095942-B3CF-4671-A51A-BBDECD299550}.Release|Any CPU.ActiveCfg = Release|Any CPU
		{E8095942-B3CF-4671-A51A-BBDECD299550}.Release|Any CPU.Build.0 = Release|Any CPU
		{5F51A00D-841B-41E0-A52F-EEEAB21DF0A0}.Debug|Any CPU.ActiveCfg = Debug|Any CPU
		{5F51A00D-841B-41E0-A52F-EEEAB21DF0A0}.Debug|Any CPU.Build.0 = Debug|Any CPU
		{5F51A00D-841B-41E0-A52F-EEEAB21DF0A0}.Release|Any CPU.ActiveCfg = Release|Any CPU
		{5F51A00D-841B-41E0-A52F-EEEAB21DF0A0}.Release|Any CPU.Build.0 = Release|Any CPU
		{F3A98C05-1C6D-4096-90A8-434C724FAB10}.Debug|Any CPU.ActiveCfg = Debug|Any CPU
		{F3A98C05-1C6D-4096-90A8-434C724FAB10}.Debug|Any CPU.Build.0 = Debug|Any CPU
		{F3A98C05-1C6D-4096-90A8-434C724FAB10}.Release|Any CPU.ActiveCfg = Release|Any CPU
		{F3A98C05-1C6D-4096-90A8-434C724FAB10}.Release|Any CPU.Build.0 = Release|Any CPU
	EndGlobalSection
	GlobalSection(SolutionProperties) = preSolution
		HideSolutionNode = FALSE
	EndGlobalSection
	GlobalSection(ExtensibilityGlobals) = postSolution
		SolutionGuid = {4619F0F1-6E52-4E8A-A58C-AEA21BC4A66D}
	EndGlobalSection
EndGlobal
